
Microsoft Visual Studio Solution File, Format Version 12.00
# Visual Studio Version 17
VisualStudioVersion = 17.2.32317.152
MinimumVisualStudioVersion = 10.0.40219.1
Project("{9A19103F-16F7-4668-BE54-9A1E7A4F7556}") = "Music_Shop", "Music_Shop\Music_Shop.csproj", "{C8BB4BCA-D77C-4F8D-8006-5A53BB96A9F0}"
EndProject
Project("{2150E333-8FDC-42A3-9474-1A3956D46DE8}") = "Elementy rozwiązania", "Elementy rozwiązania", "{F02D21BD-BECE-47F5-979C-69B89FC74A2D}"
	ProjectSection(SolutionItems) = preProject
		appsettings.Development.json = appsettings.Development.json
	EndProjectSection
EndProject
Global
	GlobalSection(SolutionConfigurationPlatforms) = preSolution
		Debug|Any CPU = Debug|Any CPU
		Release|Any CPU = Release|Any CPU
	EndGlobalSection
	GlobalSection(ProjectConfigurationPlatforms) = postSolution
		{C8BB4BCA-D77C-4F8D-8006-5A53BB96A9F0}.Debug|Any CPU.ActiveCfg = Debug|Any CPU
		{C8BB4BCA-D77C-4F8D-8006-5A53BB96A9F0}.Debug|Any CPU.Build.0 = Debug|Any CPU
		{C8BB4BCA-D77C-4F8D-8006-5A53BB96A9F0}.Release|Any CPU.ActiveCfg = Release|Any CPU
		{C8BB4BCA-D77C-4F8D-8006-5A53BB96A9F0}.Release|Any CPU.Build.0 = Release|Any CPU
	EndGlobalSection
	GlobalSection(SolutionProperties) = preSolution
		HideSolutionNode = FALSE
	EndGlobalSection
	GlobalSection(ExtensibilityGlobals) = postSolution
		SolutionGuid = {B6C46D98-B1BA-4647-8529-29D91571C446}
	EndGlobalSection
EndGlobal
